
Microsoft Visual Studio Solution File, Format Version 12.00
# Visual Studio Version 16
VisualStudioVersion = 16.0.30804.86
MinimumVisualStudioVersion = 10.0.40219.1
Project("{FAE04EC0-301F-11D3-BF4B-00C04F79EFBC}") = "0sandXs", "0sandXs\0sandXs.csproj", "{F1EB6CB3-BC55-4ED8-9C48-2779020038D0}"
EndProject
Global
	GlobalSection(SolutionConfigurationPlatforms) = preSolution
		Debug|Any CPU = Debug|Any CPU
		Release|Any CPU = Release|Any CPU
	EndGlobalSection
	GlobalSection(ProjectConfigurationPlatforms) = postSolution
		{F1EB6CB3-BC55-4ED8-9C48-2779020038D0}.Debug|Any CPU.ActiveCfg = Debug|Any CPU
		{F1EB6CB3-BC55-4ED8-9C48-2779020038D0}.Debug|Any CPU.Build.0 = Debug|Any CPU
		{F1EB6CB3-BC55-4ED8-9C48-2779020038D0}.Release|Any CPU.ActiveCfg = Release|Any CPU
		{F1EB6CB3-BC55-4ED8-9C48-2779020038D0}.Release|Any CPU.Build.0 = Release|Any CPU
	EndGlobalSection
	GlobalSection(SolutionProperties) = preSolution
		HideSolutionNode = FALSE
	EndGlobalSection
	GlobalSection(ExtensibilityGlobals) = postSolution
		SolutionGuid = {7775FD11-A41E-4ED1-88EE-8A8459790659}
	EndGlobalSection
EndGlobal
